// !$*UTF8*$!
{
	archiveVersion = 1;
	classes = {
	};
	objectVersion = 56;
	objects = {

/* Begin PBXBuildFile section */
		8DB5EFA82A0B435F001560C1 /* Assets.xcassets in Resources */ = {isa = PBXBuildFile; fileRef = 8DB5EFA72A0B435F001560C1 /* Assets.xcassets */; };
		8DB5EFAC2A0B435F001560C1 /* Preview Assets.xcassets in Resources */ = {isa = PBXBuildFile; fileRef = 8DB5EFAB2A0B435F001560C1 /* Preview Assets.xcassets */; };
		8DB5EFB42A0B4688001560C1 /* AppDelegate.swift in Sources */ = {isa = PBXBuildFile; fileRef = 8DB5EFB32A0B4688001560C1 /* AppDelegate.swift */; };
		8DB5EFB62A0B4697001560C1 /* SceneDelegate.swift in Sources */ = {isa = PBXBuildFile; fileRef = 8DB5EFB52A0B4697001560C1 /* SceneDelegate.swift */; };
		8DB5EFB92A0B46F6001560C1 /* HomeViewController.swift in Sources */ = {isa = PBXBuildFile; fileRef = 8DB5EFB72A0B46F6001560C1 /* HomeViewController.swift */; };
		8DB5EFBA2A0B46F6001560C1 /* HomeViewController.xib in Resources */ = {isa = PBXBuildFile; fileRef = 8DB5EFB82A0B46F6001560C1 /* HomeViewController.xib */; };
		8DB5EFBD2A0B487E001560C1 /* CurriculumVitaeViewController.swift in Sources */ = {isa = PBXBuildFile; fileRef = 8DB5EFBB2A0B487D001560C1 /* CurriculumVitaeViewController.swift */; };
		8DB5EFBE2A0B487E001560C1 /* CurriculumVitaeViewController.xib in Resources */ = {isa = PBXBuildFile; fileRef = 8DB5EFBC2A0B487E001560C1 /* CurriculumVitaeViewController.xib */; };
		8DB5EFC02A0B48D1001560C1 /* ContacInformationView.swift in Sources */ = {isa = PBXBuildFile; fileRef = 8DB5EFBF2A0B48D1001560C1 /* ContacInformationView.swift */; };
		8DB5EFC22A0B48E2001560C1 /* ContacInformationView.xib in Resources */ = {isa = PBXBuildFile; fileRef = 8DB5EFC12A0B48E2001560C1 /* ContacInformationView.xib */; };
		8DB5EFC42A0B4B5F001560C1 /* WorkExperienceView.swift in Sources */ = {isa = PBXBuildFile; fileRef = 8DB5EFC32A0B4B5F001560C1 /* WorkExperienceView.swift */; };
		8DB5EFC62A0B4B72001560C1 /* WorkExperienceView.xib in Resources */ = {isa = PBXBuildFile; fileRef = 8DB5EFC52A0B4B72001560C1 /* WorkExperienceView.xib */; };
/* End PBXBuildFile section */

/* Begin PBXFileReference section */
		8DB5EFA02A0B435C001560C1 /* CV Hanun.app */ = {isa = PBXFileReference; explicitFileType = wrapper.application; includeInIndex = 0; path = "CV Hanun.app"; sourceTree = BUILT_PRODUCTS_DIR; };
		8DB5EFA72A0B435F001560C1 /* Assets.xcassets */ = {isa = PBXFileReference; lastKnownFileType = folder.assetcatalog; path = Assets.xcassets; sourceTree = "<group>"; };
		8DB5EFA92A0B435F001560C1 /* CV_Hanun.entitlements */ = {isa = PBXFileReference; lastKnownFileType = text.plist.entitlements; path = CV_Hanun.entitlements; sourceTree = "<group>"; };
		8DB5EFAB2A0B435F001560C1 /* Preview Assets.xcassets */ = {isa = PBXFileReference; lastKnownFileType = folder.assetcatalog; path = "Preview Assets.xcassets"; sourceTree = "<group>"; };
		8DB5EFB22A0B45B6001560C1 /* CV-Hanun-Info.plist */ = {isa = PBXFileReference; lastKnownFileType = text.plist; path = "CV-Hanun-Info.plist"; sourceTree = SOURCE_ROOT; };
		8DB5EFB32A0B4688001560C1 /* AppDelegate.swift */ = {isa = PBXFileReference; lastKnownFileType = sourcecode.swift; path = AppDelegate.swift; sourceTree = "<group>"; };
		8DB5EFB52A0B4697001560C1 /* SceneDelegate.swift */ = {isa = PBXFileReference; lastKnownFileType = sourcecode.swift; path = SceneDelegate.swift; sourceTree = "<group>"; };
		8DB5EFB72A0B46F6001560C1 /* HomeViewController.swift */ = {isa = PBXFileReference; lastKnownFileType = sourcecode.swift; path = HomeViewController.swift; sourceTree = "<group>"; };
		8DB5EFB82A0B46F6001560C1 /* HomeViewController.xib */ = {isa = PBXFileReference; lastKnownFileType = file.xib; path = HomeViewController.xib; sourceTree = "<group>"; };
		8DB5EFBB2A0B487D001560C1 /* CurriculumVitaeViewController.swift */ = {isa = PBXFileReference; lastKnownFileType = sourcecode.swift; path = CurriculumVitaeViewController.swift; sourceTree = "<group>"; };
		8DB5EFBC2A0B487E001560C1 /* CurriculumVitaeViewController.xib */ = {isa = PBXFileReference; lastKnownFileType = file.xib; path = CurriculumVitaeViewController.xib; sourceTree = "<group>"; };
		8DB5EFBF2A0B48D1001560C1 /* ContacInformationView.swift */ = {isa = PBXFileReference; lastKnownFileType = sourcecode.swift; path = ContacInformationView.swift; sourceTree = "<group>"; };
		8DB5EFC12A0B48E2001560C1 /* ContacInformationView.xib */ = {isa = PBXFileReference; lastKnownFileType = file.xib; path = ContacInformationView.xib; sourceTree = "<group>"; };
		8DB5EFC32A0B4B5F001560C1 /* WorkExperienceView.swift */ = {isa = PBXFileReference; lastKnownFileType = sourcecode.swift; path = WorkExperienceView.swift; sourceTree = "<group>"; };
		8DB5EFC52A0B4B72001560C1 /* WorkExperienceView.xib */ = {isa = PBXFileReference; lastKnownFileType = file.xib; path = WorkExperienceView.xib; sourceTree = "<group>"; };
/* End PBXFileReference section */

/* Begin PBXFrameworksBuildPhase section */
		8DB5EF9D2A0B435C001560C1 /* Frameworks */ = {
			isa = PBXFrameworksBuildPhase;
			buildActionMask = 2147483647;
			files = (
			);
			runOnlyForDeploymentPostprocessing = 0;
		};
/* End PBXFrameworksBuildPhase section */

/* Begin PBXGroup section */
		8DB5EF972A0B435C001560C1 = {
			isa = PBXGroup;
			children = (
				8DB5EFA22A0B435C001560C1 /* CV Hanun */,
				8DB5EFA12A0B435C001560C1 /* Products */,
			);
			sourceTree = "<group>";
		};
		8DB5EFA12A0B435C001560C1 /* Products */ = {
			isa = PBXGroup;
			children = (
				8DB5EFA02A0B435C001560C1 /* CV Hanun.app */,
			);
			name = Products;
			sourceTree = "<group>";
		};
		8DB5EFA22A0B435C001560C1 /* CV Hanun */ = {
			isa = PBXGroup;
			children = (
				8DB5EFB22A0B45B6001560C1 /* CV-Hanun-Info.plist */,
				8DB5EFB32A0B4688001560C1 /* AppDelegate.swift */,
				8DB5EFB52A0B4697001560C1 /* SceneDelegate.swift */,
				8DB5EFB72A0B46F6001560C1 /* HomeViewController.swift */,
				8DB5EFBB2A0B487D001560C1 /* CurriculumVitaeViewController.swift */,
				8DB5EFBF2A0B48D1001560C1 /* ContacInformationView.swift */,
				8DB5EFC52A0B4B72001560C1 /* WorkExperienceView.xib */,
				8DB5EFC12A0B48E2001560C1 /* ContacInformationView.xib */,
				8DB5EFBC2A0B487E001560C1 /* CurriculumVitaeViewController.xib */,
				8DB5EFB82A0B46F6001560C1 /* HomeViewController.xib */,
				8DB5EFA72A0B435F001560C1 /* Assets.xcassets */,
				8DB5EFC32A0B4B5F001560C1 /* WorkExperienceView.swift */,
				8DB5EFA92A0B435F001560C1 /* CV_Hanun.entitlements */,
				8DB5EFAA2A0B435F001560C1 /* Preview Content */,
			);
			path = "CV Hanun";
			sourceTree = "<group>";
		};
		8DB5EFAA2A0B435F001560C1 /* Preview Content */ = {
			isa = PBXGroup;
			children = (
				8DB5EFAB2A0B435F001560C1 /* Preview Assets.xcassets */,
			);
			path = "Preview Content";
			sourceTree = "<group>";
		};
/* End PBXGroup section */

/* Begin PBXNativeTarget section */
		8DB5EF9F2A0B435C001560C1 /* CV Hanun */ = {
			isa = PBXNativeTarget;
			buildConfigurationList = 8DB5EFAF2A0B435F001560C1 /* Build configuration list for PBXNativeTarget "CV Hanun" */;
			buildPhases = (
				8DB5EF9C2A0B435C001560C1 /* Sources */,
				8DB5EF9D2A0B435C001560C1 /* Frameworks */,
				8DB5EF9E2A0B435C001560C1 /* Resources */,
			);
			buildRules = (
			);
			dependencies = (
			);
			name = "CV Hanun";
			productName = "CV Hanun";
			productReference = 8DB5EFA02A0B435C001560C1 /* CV Hanun.app */;
			productType = "com.apple.product-type.application";
		};
/* End PBXNativeTarget section */

/* Begin PBXProject section */
		8DB5EF982A0B435C001560C1 /* Project object */ = {
			isa = PBXProject;
			attributes = {
				BuildIndependentTargetsInParallel = 1;
				LastSwiftUpdateCheck = 1420;
				LastUpgradeCheck = 1420;
				TargetAttributes = {
					8DB5EF9F2A0B435C001560C1 = {
						CreatedOnToolsVersion = 14.2;
					};
				};
			};
			buildConfigurationList = 8DB5EF9B2A0B435C001560C1 /* Build configuration list for PBXProject "CV Hanun" */;
			compatibilityVersion = "Xcode 14.0";
			developmentRegion = en;
			hasScannedForEncodings = 0;
			knownRegions = (
				en,
				Base,
			);
			mainGroup = 8DB5EF972A0B435C001560C1;
			productRefGroup = 8DB5EFA12A0B435C001560C1 /* Products */;
			projectDirPath = "";
			projectRoot = "";
			targets = (
				8DB5EF9F2A0B435C001560C1 /* CV Hanun */,
			);
		};
/* End PBXProject section */

/* Begin PBXResourcesBuildPhase section */
		8DB5EF9E2A0B435C001560C1 /* Resources */ = {
			isa = PBXResourcesBuildPhase;
			buildActionMask = 2147483647;
			files = (
				8DB5EFAC2A0B435F001560C1 /* Preview Assets.xcassets in Resources */,
				8DB5EFC62A0B4B72001560C1 /* WorkExperienceView.xib in Resources */,
				8DB5EFA82A0B435F001560C1 /* Assets.xcassets in Resources */,
				8DB5EFC22A0B48E2001560C1 /* ContacInformationView.xib in Resources */,
				8DB5EFBA2A0B46F6001560C1 /* HomeViewController.xib in Resources */,
				8DB5EFBE2A0B487E001560C1 /* CurriculumVitaeViewController.xib in Resources */,
			);
			runOnlyForDeploymentPostprocessing = 0;
		};
/* End PBXResourcesBuildPhase section */

/* Begin PBXSourcesBuildPhase section */
		8DB5EF9C2A0B435C001560C1 /* Sources */ = {
			isa = PBXSourcesBuildPhase;
			buildActionMask = 2147483647;
			files = (
				8DB5EFB42A0B4688001560C1 /* AppDelegate.swift in Sources */,
				8DB5EFBD2A0B487E001560C1 /* CurriculumVitaeViewController.swift in Sources */,
				8DB5EFC02A0B48D1001560C1 /* ContacInformationView.swift in Sources */,
				8DB5EFC42A0B4B5F001560C1 /* WorkExperienceView.swift in Sources */,
				8DB5EFB62A0B4697001560C1 /* SceneDelegate.swift in Sources */,
				8DB5EFB92A0B46F6001560C1 /* HomeViewController.swift in Sources */,
			);
			runOnlyForDeploymentPostprocessing = 0;
		};
/* End PBXSourcesBuildPhase section */

/* Begin XCBuildConfiguration section */
		8DB5EFAD2A0B435F001560C1 /* Debug */ = {
			isa = XCBuildConfiguration;
			buildSettings = {
				ALWAYS_SEARCH_USER_PATHS = NO;
				CLANG_ANALYZER_NONNULL = YES;
				CLANG_ANALYZER_NUMBER_OBJECT_CONVERSION = YES_AGGRESSIVE;
				CLANG_CXX_LANGUAGE_STANDARD = "gnu++20";
				CLANG_ENABLE_MODULES = YES;
				CLANG_ENABLE_OBJC_ARC = YES;
				CLANG_ENABLE_OBJC_WEAK = YES;
				CLANG_WARN_BLOCK_CAPTURE_AUTORELEASING = YES;
				CLANG_WARN_BOOL_CONVERSION = YES;
				CLANG_WARN_COMMA = YES;
				CLANG_WARN_CONSTANT_CONVERSION = YES;
				CLANG_WARN_DEPRECATED_OBJC_IMPLEMENTATIONS = YES;
				CLANG_WARN_DIRECT_OBJC_ISA_USAGE = YES_ERROR;
				CLANG_WARN_DOCUMENTATION_COMMENTS = YES;
				CLANG_WARN_EMPTY_BODY = YES;
				CLANG_WARN_ENUM_CONVERSION = YES;
				CLANG_WARN_INFINITE_RECURSION = YES;
				CLANG_WARN_INT_CONVERSION = YES;
				CLANG_WARN_NON_LITERAL_NULL_CONVERSION = YES;
				CLANG_WARN_OBJC_IMPLICIT_RETAIN_SELF = YES;
				CLANG_WARN_OBJC_LITERAL_CONVERSION = YES;
				CLANG_WARN_OBJC_ROOT_CLASS = YES_ERROR;
				CLANG_WARN_QUOTED_INCLUDE_IN_FRAMEWORK_HEADER = YES;
				CLANG_WARN_RANGE_LOOP_ANALYSIS = YES;
				CLANG_WARN_STRICT_PROTOTYPES = YES;
				CLANG_WARN_SUSPICIOUS_MOVE = YES;
				CLANG_WARN_UNGUARDED_AVAILABILITY = YES_AGGRESSIVE;
				CLANG_WARN_UNREACHABLE_CODE = YES;
				CLANG_WARN__DUPLICATE_METHOD_MATCH = YES;
				COPY_PHASE_STRIP = NO;
				DEBUG_INFORMATION_FORMAT = dwarf;
				ENABLE_STRICT_OBJC_MSGSEND = YES;
				ENABLE_TESTABILITY = YES;
				GCC_C_LANGUAGE_STANDARD = gnu11;
				GCC_DYNAMIC_NO_PIC = NO;
				GCC_NO_COMMON_BLOCKS = YES;
				GCC_OPTIMIZATION_LEVEL = 0;
				GCC_PREPROCESSOR_DEFINITIONS = (
					"DEBUG=1",
					"$(inherited)",
				);
				GCC_WARN_64_TO_32_BIT_CONVERSION = YES;
				GCC_WARN_ABOUT_RETURN_TYPE = YES_ERROR;
				GCC_WARN_UNDECLARED_SELECTOR = YES;
				GCC_WARN_UNINITIALIZED_AUTOS = YES_AGGRESSIVE;
				GCC_WARN_UNUSED_FUNCTION = YES;
				GCC_WARN_UNUSED_VARIABLE = YES;
				MTL_ENABLE_DEBUG_INFO = INCLUDE_SOURCE;
				MTL_FAST_MATH = YES;
				ONLY_ACTIVE_ARCH = YES;
				SWIFT_ACTIVE_COMPILATION_CONDITIONS = DEBUG;
				SWIFT_OPTIMIZATION_LEVEL = "-Onone";
			};
			name = Debug;
		};
		8DB5EFAE2A0B435F001560C1 /* Release */ = {
			isa = XCBuildConfiguration;
			buildSettings = {
				ALWAYS_SEARCH_USER_PATHS = NO;
				CLANG_ANALYZER_NONNULL = YES;
				CLANG_ANALYZER_NUMBER_OBJECT_CONVERSION = YES_AGGRESSIVE;
				CLANG_CXX_LANGUAGE_STANDARD = "gnu++20";
				CLANG_ENABLE_MODULES = YES;
				CLANG_ENABLE_OBJC_ARC = YES;
				CLANG_ENABLE_OBJC_WEAK = YES;
				CLANG_WARN_BLOCK_CAPTURE_AUTORELEASING = YES;
				CLANG_WARN_BOOL_CONVERSION = YES;
				CLANG_WARN_COMMA = YES;
				CLANG_WARN_CONSTANT_CONVERSION = YES;
				CLANG_WARN_DEPRECATED_OBJC_IMPLEMENTATIONS = YES;
				CLANG_WARN_DIRECT_OBJC_ISA_USAGE = YES_ERROR;
				CLANG_WARN_DOCUMENTATION_COMMENTS = YES;
				CLANG_WARN_EMPTY_BODY = YES;
				CLANG_WARN_ENUM_CONVERSION = YES;
				CLANG_WARN_INFINITE_RECURSION = YES;
				CLANG_WARN_INT_CONVERSION = YES;
				CLANG_WARN_NON_LITERAL_NULL_CONVERSION = YES;
				CLANG_WARN_OBJC_IMPLICIT_RETAIN_SELF = YES;
				CLANG_WARN_OBJC_LITERAL_CONVERSION = YES;
				CLANG_WARN_OBJC_ROOT_CLASS = YES_ERROR;
				CLANG_WARN_QUOTED_INCLUDE_IN_FRAMEWORK_HEADER = YES;
				CLANG_WARN_RANGE_LOOP_ANALYSIS = YES;
				CLANG_WARN_STRICT_PROTOTYPES = YES;
				CLANG_WARN_SUSPICIOUS_MOVE = YES;
				CLANG_WARN_UNGUARDED_AVAILABILITY = YES_AGGRESSIVE;
				CLANG_WARN_UNREACHABLE_CODE = YES;
				CLANG_WARN__DUPLICATE_METHOD_MATCH = YES;
				COPY_PHASE_STRIP = NO;
				DEBUG_INFORMATION_FORMAT = "dwarf-with-dsym";
				ENABLE_NS_ASSERTIONS = NO;
				ENABLE_STRICT_OBJC_MSGSEND = YES;
				GCC_C_LANGUAGE_STANDARD = gnu11;
				GCC_NO_COMMON_BLOCKS = YES;
				GCC_WARN_64_TO_32_BIT_CONVERSION = YES;
				GCC_WARN_ABOUT_RETURN_TYPE = YES_ERROR;
				GCC_WARN_UNDECLARED_SELECTOR = YES;
				GCC_WARN_UNINITIALIZED_AUTOS = YES_AGGRESSIVE;
				GCC_WARN_UNUSED_FUNCTION = YES;
				GCC_WARN_UNUSED_VARIABLE = YES;
				MTL_ENABLE_DEBUG_INFO = NO;
				MTL_FAST_MATH = YES;
				SWIFT_COMPILATION_MODE = wholemodule;
				SWIFT_OPTIMIZATION_LEVEL = "-O";
			};
			name = Release;
		};
		8DB5EFB02A0B435F001560C1 /* Debug */ = {
			isa = XCBuildConfiguration;
			buildSettings = {
				ASSETCATALOG_COMPILER_APPICON_NAME = AppIcon;
				ASSETCATALOG_COMPILER_GLOBAL_ACCENT_COLOR_NAME = AccentColor;
				CODE_SIGN_ENTITLEMENTS = "CV Hanun/CV_Hanun.entitlements";
				CODE_SIGN_STYLE = Automatic;
				CURRENT_PROJECT_VERSION = 1;
				DEVELOPMENT_ASSET_PATHS = "\"CV Hanun/Preview Content\"";
				DEVELOPMENT_TEAM = 5A7UQJ69UK;
				ENABLE_PREVIEWS = YES;
				GENERATE_INFOPLIST_FILE = YES;
				INFOPLIST_FILE = "CV-Hanun-Info.plist";
				"INFOPLIST_KEY_UIApplicationSceneManifest_Generation[sdk=iphoneos*]" = YES;
				"INFOPLIST_KEY_UIApplicationSceneManifest_Generation[sdk=iphonesimulator*]" = YES;
				"INFOPLIST_KEY_UIApplicationSupportsIndirectInputEvents[sdk=iphoneos*]" = YES;
				"INFOPLIST_KEY_UIApplicationSupportsIndirectInputEvents[sdk=iphonesimulator*]" = YES;
				"INFOPLIST_KEY_UILaunchScreen_Generation[sdk=iphoneos*]" = YES;
				"INFOPLIST_KEY_UILaunchScreen_Generation[sdk=iphonesimulator*]" = YES;
				"INFOPLIST_KEY_UIStatusBarStyle[sdk=iphoneos*]" = UIStatusBarStyleDefault;
				"INFOPLIST_KEY_UIStatusBarStyle[sdk=iphonesimulator*]" = UIStatusBarStyleDefault;
				INFOPLIST_KEY_UISupportedInterfaceOrientations_iPad = "UIInterfaceOrientationPortrait UIInterfaceOrientationPortraitUpsideDown UIInterfaceOrientationLandscapeLeft UIInterfaceOrientationLandscapeRight";
				INFOPLIST_KEY_UISupportedInterfaceOrientations_iPhone = "UIInterfaceOrientationPortrait UIInterfaceOrientationLandscapeLeft UIInterfaceOrientationLandscapeRight";
				IPHONEOS_DEPLOYMENT_TARGET = 16.2;
				LD_RUNPATH_SEARCH_PATHS = "@executable_path/Frameworks";
				"LD_RUNPATH_SEARCH_PATHS[sdk=macosx*]" = "@executable_path/../Frameworks";
				MACOSX_DEPLOYMENT_TARGET = 13.1;
				MARKETING_VERSION = 1.0;
				PRODUCT_BUNDLE_IDENTIFIER = "com.personalCompany.CV-Hanun";
				PRODUCT_NAME = "$(TARGET_NAME)";
				SDKROOT = auto;
				SUPPORTED_PLATFORMS = "iphoneos iphonesimulator macosx";
				SWIFT_EMIT_LOC_STRINGS = YES;
				SWIFT_VERSION = 5.0;
				TARGETED_DEVICE_FAMILY = "1,2";
			};
			name = Debug;
		};
		8DB5EFB12A0B435F001560C1 /* Release */ = {
			isa = XCBuildConfiguration;
			buildSettings = {
				ASSETCATALOG_COMPILER_APPICON_NAME = AppIcon;
				ASSETCATALOG_COMPILER_GLOBAL_ACCENT_COLOR_NAME = AccentColor;
				CODE_SIGN_ENTITLEMENTS = "CV Hanun/CV_Hanun.entitlements";
				CODE_SIGN_STYLE = Automatic;
				CURRENT_PROJECT_VERSION = 1;
				DEVELOPMENT_ASSET_PATHS = "\"CV Hanun/Preview Content\"";
				DEVELOPMENT_TEAM = 5A7UQJ69UK;
				ENABLE_PREVIEWS = YES;
				GENERATE_INFOPLIST_FILE = YES;
				INFOPLIST_FILE = "CV-Hanun-Info.plist";
				"INFOPLIST_KEY_UIApplicationSceneManifest_Generation[sdk=iphoneos*]" = YES;
				"INFOPLIST_KEY_UIApplicationSceneManifest_Generation[sdk=iphonesimulator*]" = YES;
				"INFOPLIST_KEY_UIApplicationSupportsIndirectInputEvents[sdk=iphoneos*]" = YES;
				"INFOPLIST_KEY_UIApplicationSupportsIndirectInputEvents[sdk=iphonesimulator*]" = YES;
				"INFOPLIST_KEY_UILaunchScreen_Generation[sdk=iphoneos*]" = YES;
				"INFOPLIST_KEY_UILaunchScreen_Generation[sdk=iphonesimulator*]" = YES;
				"INFOPLIST_KEY_UIStatusBarStyle[sdk=iphoneos*]" = UIStatusBarStyleDefault;
				"INFOPLIST_KEY_UIStatusBarStyle[sdk=iphonesimulator*]" = UIStatusBarStyleDefault;
				INFOPLIST_KEY_UISupportedInterfaceOrientations_iPad = "UIInterfaceOrientationPortrait UIInterfaceOrientationPortraitUpsideDown UIInterfaceOrientationLandscapeLeft UIInterfaceOrientationLandscapeRight";
				INFOPLIST_KEY_UISupportedInterfaceOrientations_iPhone = "UIInterfaceOrientationPortrait UIInterfaceOrientationLandscapeLeft UIInterfaceOrientationLandscapeRight";
				IPHONEOS_DEPLOYMENT_TARGET = 16.2;
				LD_RUNPATH_SEARCH_PATHS = "@executable_path/Frameworks";
				"LD_RUNPATH_SEARCH_PATHS[sdk=macosx*]" = "@executable_path/../Frameworks";
				MACOSX_DEPLOYMENT_TARGET = 13.1;
				MARKETING_VERSION = 1.0;
				PRODUCT_BUNDLE_IDENTIFIER = "com.personalCompany.CV-Hanun";
				PRODUCT_NAME = "$(TARGET_NAME)";
				SDKROOT = auto;
				SUPPORTED_PLATFORMS = "iphoneos iphonesimulator macosx";
				SWIFT_EMIT_LOC_STRINGS = YES;
				SWIFT_VERSION = 5.0;
				TARGETED_DEVICE_FAMILY = "1,2";
			};
			name = Release;
		};
/* End XCBuildConfiguration section */

/* Begin XCConfigurationList section */
		8DB5EF9B2A0B435C001560C1 /* Build configuration list for PBXProject "CV Hanun" */ = {
			isa = XCConfigurationList;
			buildConfigurations = (
				8DB5EFAD2A0B435F001560C1 /* Debug */,
				8DB5EFAE2A0B435F001560C1 /* Release */,
			);
			defaultConfigurationIsVisible = 0;
			defaultConfigurationName = Release;
		};
		8DB5EFAF2A0B435F001560C1 /* Build configuration list for PBXNativeTarget "CV Hanun" */ = {
			isa = XCConfigurationList;
			buildConfigurations = (
				8DB5EFB02A0B435F001560C1 /* Debug */,
				8DB5EFB12A0B435F001560C1 /* Release */,
			);
			defaultConfigurationIsVisible = 0;
			defaultConfigurationName = Release;
		};
/* End XCConfigurationList section */
	};
	rootObject = 8DB5EF982A0B435C001560C1 /* Project object */;
}
